
Microsoft Visual Studio Solution File, Format Version 12.00
# Visual Studio Version 17
VisualStudioVersion = 17.13.35913.81 d17.13
MinimumVisualStudioVersion = 10.0.40219.1
Project("{FAE04EC0-301F-11D3-BF4B-00C04F79EFBC}") = "WebGsbASPCore", "WebGsbASPCore\WebGsbASPCore.csproj", "{9FE4AEA8-1A74-478C-BC81-1B50FB806076}"
EndProject
Global
	GlobalSection(SolutionConfigurationPlatforms) = preSolution
		Debug|Any CPU = Debug|Any CPU
		Release|Any CPU = Release|Any CPU
	EndGlobalSection
	GlobalSection(ProjectConfigurationPlatforms) = postSolution
		{9FE4AEA8-1A74-478C-BC81-1B50FB806076}.Debug|Any CPU.ActiveCfg = Debug|Any CPU
		{9FE4AEA8-1A74-478C-BC81-1B50FB806076}.Debug|Any CPU.Build.0 = Debug|Any CPU
		{9FE4AEA8-1A74-478C-BC81-1B50FB806076}.Release|Any CPU.ActiveCfg = Release|Any CPU
		{9FE4AEA8-1A74-478C-BC81-1B50FB806076}.Release|Any CPU.Build.0 = Release|Any CPU
	EndGlobalSection
	GlobalSection(SolutionProperties) = preSolution
		HideSolutionNode = FALSE
	EndGlobalSection
	GlobalSection(ExtensibilityGlobals) = postSolution
		SolutionGuid = {73FF0BA6-484B-4896-B9FD-D91A86C36384}
	EndGlobalSection
EndGlobal
